
Microsoft Visual Studio Solution File, Format Version 12.00
# Visual Studio Version 16
VisualStudioVersion = 16.0.31321.278
MinimumVisualStudioVersion = 10.0.40219.1
Project("{8BC9CEB8-8B4A-11D0-8D11-00A0C91BC942}") = "TEMA3", "TEMA3\TEMA3.vcxproj", "{613974DF-DB9B-4122-B181-345AD3F7D23B}"
EndProject
Global
	GlobalSection(SolutionConfigurationPlatforms) = preSolution
		Debug|x64 = Debug|x64
		Debug|x86 = Debug|x86
		Release|x64 = Release|x64
		Release|x86 = Release|x86
	EndGlobalSection
	GlobalSection(ProjectConfigurationPlatforms) = postSolution
		{613974DF-DB9B-4122-B181-345AD3F7D23B}.Debug|x64.ActiveCfg = Debug|x64
		{613974DF-DB9B-4122-B181-345AD3F7D23B}.Debug|x64.Build.0 = Debug|x64
		{613974DF-DB9B-4122-B181-345AD3F7D23B}.Debug|x86.ActiveCfg = Debug|Win32
		{613974DF-DB9B-4122-B181-345AD3F7D23B}.Debug|x86.Build.0 = Debug|Win32
		{613974DF-DB9B-4122-B181-345AD3F7D23B}.Release|x64.ActiveCfg = Release|x64
		{613974DF-DB9B-4122-B181-345AD3F7D23B}.Release|x64.Build.0 = Release|x64
		{613974DF-DB9B-4122-B181-345AD3F7D23B}.Release|x86.ActiveCfg = Release|Win32
		{613974DF-DB9B-4122-B181-345AD3F7D23B}.Release|x86.Build.0 = Release|Win32
	EndGlobalSection
	GlobalSection(SolutionProperties) = preSolution
		HideSolutionNode = FALSE
	EndGlobalSection
	GlobalSection(ExtensibilityGlobals) = postSolution
		SolutionGuid = {38C0834F-D4C1-450A-B0F1-AF291442F10F}
	EndGlobalSection
EndGlobal
